
Microsoft Visual Studio Solution File, Format Version 12.00
# Visual Studio Version 16
VisualStudioVersion = 16.0.30413.136
MinimumVisualStudioVersion = 10.0.40219.1
Project("{8BC9CEB8-8B4A-11D0-8D11-00A0C91BC942}") = "7단계_문자열", "7단계_문자열.vcxproj", "{86AA25F2-13C9-45DE-9745-10C4EB96D32B}"
EndProject
Global
	GlobalSection(SolutionConfigurationPlatforms) = preSolution
		Debug|x64 = Debug|x64
		Debug|x86 = Debug|x86
		Release|x64 = Release|x64
		Release|x86 = Release|x86
	EndGlobalSection
	GlobalSection(ProjectConfigurationPlatforms) = postSolution
		{86AA25F2-13C9-45DE-9745-10C4EB96D32B}.Debug|x64.ActiveCfg = Debug|x64
		{86AA25F2-13C9-45DE-9745-10C4EB96D32B}.Debug|x64.Build.0 = Debug|x64
		{86AA25F2-13C9-45DE-9745-10C4EB96D32B}.Debug|x86.ActiveCfg = Debug|Win32
		{86AA25F2-13C9-45DE-9745-10C4EB96D32B}.Debug|x86.Build.0 = Debug|Win32
		{86AA25F2-13C9-45DE-9745-10C4EB96D32B}.Release|x64.ActiveCfg = Release|x64
		{86AA25F2-13C9-45DE-9745-10C4EB96D32B}.Release|x64.Build.0 = Release|x64
		{86AA25F2-13C9-45DE-9745-10C4EB96D32B}.Release|x86.ActiveCfg = Release|Win32
		{86AA25F2-13C9-45DE-9745-10C4EB96D32B}.Release|x86.Build.0 = Release|Win32
	EndGlobalSection
	GlobalSection(SolutionProperties) = preSolution
		HideSolutionNode = FALSE
	EndGlobalSection
	GlobalSection(ExtensibilityGlobals) = postSolution
		SolutionGuid = {0777C15E-F460-4A5F-A88D-B60F64CF2117}
	EndGlobalSection
EndGlobal
